Microsoft Visual Studio Solution File, Format Version 12.00
# Visual Studio Version 17
VisualStudioVersion = 17.5.2.0
MinimumVisualStudioVersion = 10.0.40219.1
Project("{FAE04EC0-301F-11D3-BF4B-00C04F79EFBC}") = "WhatsappWebHook", "WhatsappWebHook.csproj", "{716D8B99-604A-64FE-846C-41FC67C3077E}"
EndProject
Global
	GlobalSection(SolutionConfigurationPlatforms) = preSolution
		Debug|Any CPU = Debug|Any CPU
		Release|Any CPU = Release|Any CPU
	EndGlobalSection
	GlobalSection(ProjectConfigurationPlatforms) = postSolution
		{716D8B99-604A-64FE-846C-41FC67C3077E}.Debug|Any CPU.ActiveCfg = Debug|Any CPU
		{716D8B99-604A-64FE-846C-41FC67C3077E}.Debug|Any CPU.Build.0 = Debug|Any CPU
		{716D8B99-604A-64FE-846C-41FC67C3077E}.Release|Any CPU.ActiveCfg = Release|Any CPU
		{716D8B99-604A-64FE-846C-41FC67C3077E}.Release|Any CPU.Build.0 = Release|Any CPU
	EndGlobalSection
	GlobalSection(SolutionProperties) = preSolution
		HideSolutionNode = FALSE
	EndGlobalSection
	GlobalSection(ExtensibilityGlobals) = postSolution
		SolutionGuid = {559BE467-0963-4C0F-9BC0-024AB454B30B}
	EndGlobalSection
EndGlobal
